Microsoft Visual Studio Solution File, Format Version 11.00
# Visual Studio 2010
Project("{FAE04EC0-301F-11D3-BF4B-00C04F79EFBC}") = "UseConstantLines", "UseConstantLines\UseConstantLines.csproj", "{D7ED514F-5980-447D-90AC-7F8CB87FD012}"
EndProject
Project("{FAE04EC0-301F-11D3-BF4B-00C04F79EFBC}") = "UseConstantLines.Web", "UseConstantLines.Web\UseConstantLines.Web.csproj", "{8235B945-3AD4-4828-99E0-3F55F81AD32E}"
EndProject
Global
	GlobalSection(SolutionConfigurationPlatforms) = preSolution
		Debug|Any CPU = Debug|Any CPU
		Release|Any CPU = Release|Any CPU
	EndGlobalSection
	GlobalSection(ProjectConfigurationPlatforms) = postSolution
		{D7ED514F-5980-447D-90AC-7F8CB87FD012}.Debug|Any CPU.ActiveCfg = Debug|Any CPU
		{D7ED514F-5980-447D-90AC-7F8CB87FD012}.Debug|Any CPU.Build.0 = Debug|Any CPU
		{D7ED514F-5980-447D-90AC-7F8CB87FD012}.Release|Any CPU.ActiveCfg = Release|Any CPU
		{D7ED514F-5980-447D-90AC-7F8CB87FD012}.Release|Any CPU.Build.0 = Release|Any CPU
		{8235B945-3AD4-4828-99E0-3F55F81AD32E}.Debug|Any CPU.ActiveCfg = Debug|Any CPU
		{8235B945-3AD4-4828-99E0-3F55F81AD32E}.Debug|Any CPU.Build.0 = Debug|Any CPU
		{8235B945-3AD4-4828-99E0-3F55F81AD32E}.Release|Any CPU.ActiveCfg = Release|Any CPU
		{8235B945-3AD4-4828-99E0-3F55F81AD32E}.Release|Any CPU.Build.0 = Release|Any CPU
	EndGlobalSection
	GlobalSection(SolutionProperties) = preSolution
		HideSolutionNode = FALSE
	EndGlobalSection
EndGlobal
